
Microsoft Visual Studio Solution File, Format Version 12.00
# Visual Studio Version 17
VisualStudioVersion = 17.14.36518.9 d17.14
MinimumVisualStudioVersion = 10.0.40219.1
Project("{FAE04EC0-301F-11D3-BF4B-00C04F79EFBC}") = "WebApi", "WebApi\WebApi.csproj", "{5047E125-DBAD-448B-9580-57CA12F4DE86}"
EndProject
Project("{FAE04EC0-301F-11D3-BF4B-00C04F79EFBC}") = "Domain", "Domain\Domain.csproj", "{B2E46C53-E7F7-433A-B59B-A6E68030D207}"
EndProject
Project("{FAE04EC0-301F-11D3-BF4B-00C04F79EFBC}") = "Application", "Application\Application.csproj", "{2FB4ED9C-40AA-459F-B537-BCEC49777398}"
EndProject
Project("{FAE04EC0-301F-11D3-BF4B-00C04F79EFBC}") = "Infrastructure", "Infrastructure\Infrastructure.csproj", "{7269503A-3B26-4B43-BF02-F18BD4AFD74A}"
EndProject
Global
	GlobalSection(SolutionConfigurationPlatforms) = preSolution
		Debug|Any CPU = Debug|Any CPU
		Release|Any CPU = Release|Any CPU
	EndGlobalSection
	GlobalSection(ProjectConfigurationPlatforms) = postSolution
		{5047E125-DBAD-448B-9580-57CA12F4DE86}.Debug|Any CPU.ActiveCfg = Debug|Any CPU
		{5047E125-DBAD-448B-9580-57CA12F4DE86}.Debug|Any CPU.Build.0 = Debug|Any CPU
		{5047E125-DBAD-448B-9580-57CA12F4DE86}.Release|Any CPU.ActiveCfg = Release|Any CPU
		{5047E125-DBAD-448B-9580-57CA12F4DE86}.Release|Any CPU.Build.0 = Release|Any CPU
		{B2E46C53-E7F7-433A-B59B-A6E68030D207}.Debug|Any CPU.ActiveCfg = Debug|Any CPU
		{B2E46C53-E7F7-433A-B59B-A6E68030D207}.Debug|Any CPU.Build.0 = Debug|Any CPU
		{B2E46C53-E7F7-433A-B59B-A6E68030D207}.Release|Any CPU.ActiveCfg = Release|Any CPU
		{B2E46C53-E7F7-433A-B59B-A6E68030D207}.Release|Any CPU.Build.0 = Release|Any CPU
		{2FB4ED9C-40AA-459F-B537-BCEC49777398}.Debug|Any CPU.ActiveCfg = Debug|Any CPU
		{2FB4ED9C-40AA-459F-B537-BCEC49777398}.Debug|Any CPU.Build.0 = Debug|Any CPU
		{2FB4ED9C-40AA-459F-B537-BCEC49777398}.Release|Any CPU.ActiveCfg = Release|Any CPU
		{2FB4ED9C-40AA-459F-B537-BCEC49777398}.Release|Any CPU.Build.0 = Release|Any CPU
		{7269503A-3B26-4B43-BF02-F18BD4AFD74A}.Debug|Any CPU.ActiveCfg = Debug|Any CPU
		{7269503A-3B26-4B43-BF02-F18BD4AFD74A}.Debug|Any CPU.Build.0 = Debug|Any CPU
		{7269503A-3B26-4B43-BF02-F18BD4AFD74A}.Release|Any CPU.ActiveCfg = Release|Any CPU
		{7269503A-3B26-4B43-BF02-F18BD4AFD74A}.Release|Any CPU.Build.0 = Release|Any CPU
	EndGlobalSection
	GlobalSection(SolutionProperties) = preSolution
		HideSolutionNode = FALSE
	EndGlobalSection
	GlobalSection(ExtensibilityGlobals) = postSolution
		SolutionGuid = {400E0E43-7C72-4945-8599-5B3AAF86A4F6}
	EndGlobalSection
EndGlobal
